// !$*UTF8*$!
{
	archiveVersion = 1;
	classes = {
	};
	objectVersion = 56;
	objects = {

/* Begin PBXBuildFile section */
		AA0001AA0001AA0001AA0001 /* ActionPadApp.swift in Sources */ = {isa = PBXBuildFile; fileRef = BB0001BB0001BB0001BB0001; };
		AA0002AA0002AA0002AA0002 /* ContentView.swift in Sources */ = {isa = PBXBuildFile; fileRef = BB0002BB0002BB0002BB0002; };
		AA0003AA0003AA0003AA0003 /* ConfirmationView.swift in Sources */ = {isa = PBXBuildFile; fileRef = BB0003BB0003BB0003BB0003; };
		AA0004AA0004AA0004AA0004 /* ActionIntent.swift in Sources */ = {isa = PBXBuildFile; fileRef = BB0004BB0004BB0004BB0004; };
		AA0005AA0005AA0005AA0005 /* ParsedAction.swift in Sources */ = {isa = PBXBuildFile; fileRef = BB0005BB0005BB0005BB0005; };
		AA0006AA0006AA0006AA0006 /* NLParser.swift in Sources */ = {isa = PBXBuildFile; fileRef = BB0006BB0006BB0006BB0006; };
		AA0007AA0007AA0007AA0007 /* CalendarService.swift in Sources */ = {isa = PBXBuildFile; fileRef = BB0007BB0007BB0007BB0007; };
		AA0008AA0008AA0008AA0008 /* ReminderService.swift in Sources */ = {isa = PBXBuildFile; fileRef = BB0008BB0008BB0008BB0008; };
		AA0009AA0009AA0009AA0009 /* NotificationService.swift in Sources */ = {isa = PBXBuildFile; fileRef = BB0009BB0009BB0009BB0009; };
		AA0010AA0010AA0010AA0010 /* ActionRouter.swift in Sources */ = {isa = PBXBuildFile; fileRef = BB0010BB0010BB0010BB0010; };
		AA0011AA0011AA0011AA0011 /* Assets.xcassets in Resources */ = {isa = PBXBuildFile; fileRef = BB0011BB0011BB0011BB0011; };
		AA0012AA0012AA0012AA0012 /* Preview Assets.xcassets in Resources */ = {isa = PBXBuildFile; fileRef = BB0012BB0012BB0012BB0012; };
		AA0020AA0020AA0020AA0020 /* NLParserTests.swift in Sources */ = {isa = PBXBuildFile; fileRef = BB0020BB0020BB0020BB0020; };
		AA0021AA0021AA0021AA0021 /* ActionRouterTests.swift in Sources */ = {isa = PBXBuildFile; fileRef = BB0021BB0021BB0021BB0021; };
/* End PBXBuildFile section */

/* Begin PBXContainerItemProxy section */
		CC0001CC0001CC0001CC0001 /* PBXContainerItemProxy */ = {
			isa = PBXContainerItemProxy;
			containerPortal = DD0001DD0001DD0001DD0001 /* Project object */;
			proxyType = 1;
			remoteGlobalIDString = EE0001EE0001EE0001EE0001;
			remoteInfo = ActionPad;
		};
/* End PBXContainerItemProxy section */

/* Begin PBXFileReference section */
		BB0001BB0001BB0001BB0001 /* ActionPadApp.swift */ = {isa = PBXFileReference; lastKnownFileType = sourcecode.swift; path = ActionPadApp.swift; sourceTree = "<group>"; };
		BB0002BB0002BB0002BB0002 /* ContentView.swift */ = {isa = PBXFileReference; lastKnownFileType = sourcecode.swift; path = ContentView.swift; sourceTree = "<group>"; };
		BB0003BB0003BB0003BB0003 /* ConfirmationView.swift */ = {isa = PBXFileReference; lastKnownFileType = sourcecode.swift; path = ConfirmationView.swift; sourceTree = "<group>"; };
		BB0004BB0004BB0004BB0004 /* ActionIntent.swift */ = {isa = PBXFileReference; lastKnownFileType = sourcecode.swift; path = ActionIntent.swift; sourceTree = "<group>"; };
		BB0005BB0005BB0005BB0005 /* ParsedAction.swift */ = {isa = PBXFileReference; lastKnownFileType = sourcecode.swift; path = ParsedAction.swift; sourceTree = "<group>"; };
		BB0006BB0006BB0006BB0006 /* NLParser.swift */ = {isa = PBXFileReference; lastKnownFileType = sourcecode.swift; path = NLParser.swift; sourceTree = "<group>"; };
		BB0007BB0007BB0007BB0007 /* CalendarService.swift */ = {isa = PBXFileReference; lastKnownFileType = sourcecode.swift; path = CalendarService.swift; sourceTree = "<group>"; };
		BB0008BB0008BB0008BB0008 /* ReminderService.swift */ = {isa = PBXFileReference; lastKnownFileType = sourcecode.swift; path = ReminderService.swift; sourceTree = "<group>"; };
		BB0009BB0009BB0009BB0009 /* NotificationService.swift */ = {isa = PBXFileReference; lastKnownFileType = sourcecode.swift; path = NotificationService.swift; sourceTree = "<group>"; };
		BB0010BB0010BB0010BB0010 /* ActionRouter.swift */ = {isa = PBXFileReference; lastKnownFileType = sourcecode.swift; path = ActionRouter.swift; sourceTree = "<group>"; };
		BB0011BB0011BB0011BB0011 /* Assets.xcassets */ = {isa = PBXFileReference; lastKnownFileType = folder.assetcatalog; path = Assets.xcassets; sourceTree = "<group>"; };
		BB0012BB0012BB0012BB0012 /* Preview Assets.xcassets */ = {isa = PBXFileReference; lastKnownFileType = folder.assetcatalog; path = "Preview Assets.xcassets"; sourceTree = "<group>"; };
		BB0013BB0013BB0013BB0013 /* Info.plist */ = {isa = PBXFileReference; lastKnownFileType = text.plist.xml; path = Info.plist; sourceTree = "<group>"; };
		BB0020BB0020BB0020BB0020 /* NLParserTests.swift */ = {isa = PBXFileReference; lastKnownFileType = sourcecode.swift; path = NLParserTests.swift; sourceTree = "<group>"; };
		BB0021BB0021BB0021BB0021 /* ActionRouterTests.swift */ = {isa = PBXFileReference; lastKnownFileType = sourcecode.swift; path = ActionRouterTests.swift; sourceTree = "<group>"; };
		FF0001FF0001FF0001FF0001 /* ActionPad.app */ = {isa = PBXFileReference; explicitFileType = wrapper.application; includeInIndex = 0; path = ActionPad.app; sourceTree = BUILT_PRODUCTS_DIR; };
		FF0002FF0002FF0002FF0002 /* ActionPadTests.xctest */ = {isa = PBXFileReference; explicitFileType = wrapper.cfbundle; includeInIndex = 0; path = ActionPadTests.xctest; sourceTree = BUILT_PRODUCTS_DIR; };
/* End PBXFileReference section */

/* Begin PBXFrameworksBuildPhase section */
		GG0001GG0001GG0001GG0001 /* Frameworks */ = {
			isa = PBXFrameworksBuildPhase;
			buildActionMask = 2147483647;
			files = (
			);
			runOnlyForDeploymentPostprocessing = 0;
		};
		GG0002GG0002GG0002GG0002 /* Frameworks */ = {
			isa = PBXFrameworksBuildPhase;
			buildActionMask = 2147483647;
			files = (
			);
			runOnlyForDeploymentPostprocessing = 0;
		};
/* End PBXFrameworksBuildPhase section */

/* Begin PBXGroup section */
		HH0001HH0001HH0001HH0001 = {
			isa = PBXGroup;
			children = (
				HH0002HH0002HH0002HH0002 /* ActionPad */,
				HH0007HH0007HH0007HH0007 /* ActionPadTests */,
				HH0008HH0008HH0008HH0008 /* Products */,
			);
			sourceTree = "<group>";
		};
		HH0002HH0002HH0002HH0002 /* ActionPad */ = {
			isa = PBXGroup;
			children = (
				BB0001BB0001BB0001BB0001 /* ActionPadApp.swift */,
				BB0013BB0013BB0013BB0013 /* Info.plist */,
				BB0011BB0011BB0011BB0011 /* Assets.xcassets */,
				HH0003HH0003HH0003HH0003 /* Views */,
				HH0004HH0004HH0004HH0004 /* Models */,
				HH0005HH0005HH0005HH0005 /* Services */,
				HH0006HH0006HH0006HH0006 /* Preview Content */,
			);
			path = ActionPad;
			sourceTree = "<group>";
		};
		HH0003HH0003HH0003HH0003 /* Views */ = {
			isa = PBXGroup;
			children = (
				BB0002BB0002BB0002BB0002 /* ContentView.swift */,
				BB0003BB0003BB0003BB0003 /* ConfirmationView.swift */,
			);
			path = Views;
			sourceTree = "<group>";
		};
		HH0004HH0004HH0004HH0004 /* Models */ = {
			isa = PBXGroup;
			children = (
				BB0004BB0004BB0004BB0004 /* ActionIntent.swift */,
				BB0005BB0005BB0005BB0005 /* ParsedAction.swift */,
			);
			path = Models;
			sourceTree = "<group>";
		};
		HH0005HH0005HH0005HH0005 /* Services */ = {
			isa = PBXGroup;
			children = (
				BB0006BB0006BB0006BB0006 /* NLParser.swift */,
				BB0007BB0007BB0007BB0007 /* CalendarService.swift */,
				BB0008BB0008BB0008BB0008 /* ReminderService.swift */,
				BB0009BB0009BB0009BB0009 /* NotificationService.swift */,
				BB0010BB0010BB0010BB0010 /* ActionRouter.swift */,
			);
			path = Services;
			sourceTree = "<group>";
		};
		HH0006HH0006HH0006HH0006 /* Preview Content */ = {
			isa = PBXGroup;
			children = (
				BB0012BB0012BB0012BB0012 /* Preview Assets.xcassets */,
			);
			path = "Preview Content";
			sourceTree = "<group>";
		};
		HH0007HH0007HH0007HH0007 /* ActionPadTests */ = {
			isa = PBXGroup;
			children = (
				BB0020BB0020BB0020BB0020 /* NLParserTests.swift */,
				BB0021BB0021BB0021BB0021 /* ActionRouterTests.swift */,
			);
			path = ActionPadTests;
			sourceTree = "<group>";
		};
		HH0008HH0008HH0008HH0008 /* Products */ = {
			isa = PBXGroup;
			children = (
				FF0001FF0001FF0001FF0001 /* ActionPad.app */,
				FF0002FF0002FF0002FF0002 /* ActionPadTests.xctest */,
			);
			name = Products;
			sourceTree = "<group>";
		};
/* End PBXGroup section */

/* Begin PBXNativeTarget section */
		EE0001EE0001EE0001EE0001 /* ActionPad */ = {
			isa = PBXNativeTarget;
			buildConfigurationList = JJ0003JJ0003JJ0003JJ0003;
			buildPhases = (
				II0001II0001II0001II0001 /* Sources */,
				GG0001GG0001GG0001GG0001 /* Frameworks */,
				KK0001KK0001KK0001KK0001 /* Resources */,
			);
			buildRules = (
			);
			dependencies = (
			);
			name = ActionPad;
			productName = ActionPad;
			productReference = FF0001FF0001FF0001FF0001 /* ActionPad.app */;
			productType = "com.apple.product-type.application";
		};
		EE0002EE0002EE0002EE0002 /* ActionPadTests */ = {
			isa = PBXNativeTarget;
			buildConfigurationList = JJ0006JJ0006JJ0006JJ0006;
			buildPhases = (
				II0002II0002II0002II0002 /* Sources */,
				GG0002GG0002GG0002GG0002 /* Frameworks */,
			);
			buildRules = (
			);
			dependencies = (
				LL0001LL0001LL0001LL0001 /* PBXTargetDependency */,
			);
			name = ActionPadTests;
			productName = ActionPadTests;
			productReference = FF0002FF0002FF0002FF0002 /* ActionPadTests.xctest */;
			productType = "com.apple.product-type.bundle.unit-test";
		};
/* End PBXNativeTarget section */

/* Begin PBXProject section */
		DD0001DD0001DD0001DD0001 /* Project object */ = {
			isa = PBXProject;
			attributes = {
				BuildIndependentTargetsInParallel = 1;
				LastSwiftUpdateCheck = 1500;
				LastUpgradeCheck = 1500;
				TargetAttributes = {
					EE0001EE0001EE0001EE0001 = {
						CreatedOnToolsVersion = 15.0;
					};
					EE0002EE0002EE0002EE0002 = {
						CreatedOnToolsVersion = 15.0;
						TestTargetID = EE0001EE0001EE0001EE0001;
					};
				};
			};
			buildConfigurationList = JJ0001JJ0001JJ0001JJ0001;
			compatibilityVersion = "Xcode 14.0";
			developmentRegion = en;
			hasScannedForEncodings = 0;
			knownRegions = (
				en,
				Base,
			);
			mainGroup = HH0001HH0001HH0001HH0001;
			productRefGroup = HH0008HH0008HH0008HH0008 /* Products */;
			projectDirPath = "";
			projectRoot = "";
			targets = (
				EE0001EE0001EE0001EE0001 /* ActionPad */,
				EE0002EE0002EE0002EE0002 /* ActionPadTests */,
			);
		};
/* End PBXProject section */

/* Begin PBXResourcesBuildPhase section */
		KK0001KK0001KK0001KK0001 /* Resources */ = {
			isa = PBXResourcesBuildPhase;
			buildActionMask = 2147483647;
			files = (
				AA0012AA0012AA0012AA0012 /* Preview Assets.xcassets in Resources */,
				AA0011AA0011AA0011AA0011 /* Assets.xcassets in Resources */,
			);
			runOnlyForDeploymentPostprocessing = 0;
		};
/* End PBXResourcesBuildPhase section */

/* Begin PBXSourcesBuildPhase section */
		II0001II0001II0001II0001 /* Sources */ = {
			isa = PBXSourcesBuildPhase;
			buildActionMask = 2147483647;
			files = (
				AA0001AA0001AA0001AA0001 /* ActionPadApp.swift in Sources */,
				AA0002AA0002AA0002AA0002 /* ContentView.swift in Sources */,
				AA0003AA0003AA0003AA0003 /* ConfirmationView.swift in Sources */,
				AA0004AA0004AA0004AA0004 /* ActionIntent.swift in Sources */,
				AA0005AA0005AA0005AA0005 /* ParsedAction.swift in Sources */,
				AA0006AA0006AA0006AA0006 /* NLParser.swift in Sources */,
				AA0007AA0007AA0007AA0007 /* CalendarService.swift in Sources */,
				AA0008AA0008AA0008AA0008 /* ReminderService.swift in Sources */,
				AA0009AA0009AA0009AA0009 /* NotificationService.swift in Sources */,
				AA0010AA0010AA0010AA0010 /* ActionRouter.swift in Sources */,
			);
			runOnlyForDeploymentPostprocessing = 0;
		};
		II0002II0002II0002II0002 /* Sources */ = {
			isa = PBXSourcesBuildPhase;
			buildActionMask = 2147483647;
			files = (
				AA0020AA0020AA0020AA0020 /* NLParserTests.swift in Sources */,
				AA0021AA0021AA0021AA0021 /* ActionRouterTests.swift in Sources */,
			);
			runOnlyForDeploymentPostprocessing = 0;
		};
/* End PBXSourcesBuildPhase section */

/* Begin PBXTargetDependency section */
		LL0001LL0001LL0001LL0001 /* PBXTargetDependency */ = {
			isa = PBXTargetDependency;
			target = EE0001EE0001EE0001EE0001 /* ActionPad */;
			targetProxy = CC0001CC0001CC0001CC0001 /* PBXContainerItemProxy */;
		};
/* End PBXTargetDependency section */

/* Begin XCBuildConfiguration section */
		JJ0002JJ0002JJ0002JJ0002 /* Debug */ = {
			isa = XCBuildConfiguration;
			buildSettings = {
				ALWAYS_SEARCH_USER_PATHS = NO;
				ASSETCATALOG_COMPILER_GENERATE_SWIFT_ASSET_SYMBOL_EXTENSIONS = YES;
				CLANG_ANALYZER_NONNULL = YES;
				CLANG_ANALYZER_NUMBER_OBJECT_CONVERSION = YES_AGGRESSIVE;
				CLANG_CXX_LANGUAGE_STANDARD = "gnu++20";
				CLANG_ENABLE_MODULES = YES;
				CLANG_ENABLE_OBJC_ARC = YES;
				CLANG_ENABLE_OBJC_WEAK = YES;
				CLANG_WARN_BLOCK_CAPTURE_AUTORELEASING = YES;
				CLANG_WARN_BOOL_CONVERSION = YES;
				CLANG_WARN_COMMA = YES;
				CLANG_WARN_CONSTANT_CONVERSION = YES;
				CLANG_WARN_DEPRECATED_OBJC_IMPLEMENTATIONS = YES;
				CLANG_WARN_DIRECT_OBJC_ISA_USAGE = YES_ERROR;
				CLANG_WARN_DOCUMENTATION_COMMENTS = YES;
				CLANG_WARN_EMPTY_BODY = YES;
				CLANG_WARN_ENUM_CONVERSION = YES;
				CLANG_WARN_INFINITE_RECURSION = YES;
				CLANG_WARN_INT_CONVERSION = YES;
				CLANG_WARN_NON_LITERAL_NULL_CONVERSION = YES;
				CLANG_WARN_OBJC_IMPLICIT_RETAIN_SELF = YES;
				CLANG_WARN_OBJC_LITERAL_CONVERSION = YES;
				CLANG_WARN_OBJC_ROOT_CLASS = YES_ERROR;
				CLANG_WARN_QUOTED_INCLUDE_IN_FRAMEWORK_HEADER = YES;
				CLANG_WARN_RANGE_LOOP_ANALYSIS = YES;
				CLANG_WARN_STRICT_PROTOTYPES = YES;
				CLANG_WARN_SUSPICIOUS_MOVE = YES;
				CLANG_WARN_UNGUARDED_AVAILABILITY = YES_AGGRESSIVE;
				CLANG_WARN_UNREACHABLE_CODE = YES;
				CLANG_WARN__DUPLICATE_METHOD_MATCH = YES;
				COPY_PHASE_STRIP = NO;
				DEBUG_INFORMATION_FORMAT = dwarf;
				ENABLE_STRICT_OBJC_MSGSEND = YES;
				ENABLE_TESTABILITY = YES;
				ENABLE_USER_SCRIPT_SANDBOXING = YES;
				GCC_C_LANGUAGE_STANDARD = gnu17;
				GCC_DYNAMIC_NO_PIC = NO;
				GCC_NO_COMMON_BLOCKS = YES;
				GCC_OPTIMIZATION_LEVEL = 0;
				GCC_PREPROCESSOR_DEFINITIONS = (
					"DEBUG=1",
					"$(inherited)",
				);
				GCC_WARN_64_TO_32_BIT_CONVERSION = YES;
				GCC_WARN_ABOUT_RETURN_TYPE = YES_ERROR;
				GCC_WARN_UNDECLARED_SELECTOR = YES;
				GCC_WARN_UNINITIALIZED_AUTOS = YES_AGGRESSIVE;
				GCC_WARN_UNUSED_FUNCTION = YES;
				GCC_WARN_UNUSED_VARIABLE = YES;
				IPHONEOS_DEPLOYMENT_TARGET = 16.0;
				MTL_ENABLE_DEBUG_INFO = INCLUDE_SOURCE;
				MTL_FAST_MATH = YES;
				ONLY_ACTIVE_ARCH = YES;
				SDKROOT = iphoneos;
				SWIFT_ACTIVE_COMPILATION_CONDITIONS = "DEBUG $(inherited)";
				SWIFT_OPTIMIZATION_LEVEL = "-Onone";
			};
			name = Debug;
		};
		JJ0009JJ0009JJ0009JJ0009 /* Release */ = {
			isa = XCBuildConfiguration;
			buildSettings = {
				ALWAYS_SEARCH_USER_PATHS = NO;
				ASSETCATALOG_COMPILER_GENERATE_SWIFT_ASSET_SYMBOL_EXTENSIONS = YES;
				CLANG_ANALYZER_NONNULL = YES;
				CLANG_ANALYZER_NUMBER_OBJECT_CONVERSION = YES_AGGRESSIVE;
				CLANG_CXX_LANGUAGE_STANDARD = "gnu++20";
				CLANG_ENABLE_MODULES = YES;
				CLANG_ENABLE_OBJC_ARC = YES;
				CLANG_ENABLE_OBJC_WEAK = YES;
				CLANG_WARN_BLOCK_CAPTURE_AUTORELEASING = YES;
				CLANG_WARN_BOOL_CONVERSION = YES;
				CLANG_WARN_COMMA = YES;
				CLANG_WARN_CONSTANT_CONVERSION = YES;
				CLANG_WARN_DEPRECATED_OBJC_IMPLEMENTATIONS = YES;
				CLANG_WARN_DIRECT_OBJC_ISA_USAGE = YES_ERROR;
				CLANG_WARN_DOCUMENTATION_COMMENTS = YES;
				CLANG_WARN_EMPTY_BODY = YES;
				CLANG_WARN_ENUM_CONVERSION = YES;
				CLANG_WARN_INFINITE_RECURSION = YES;
				CLANG_WARN_INT_CONVERSION = YES;
				CLANG_WARN_NON_LITERAL_NULL_CONVERSION = YES;
				CLANG_WARN_OBJC_IMPLICIT_RETAIN_SELF = YES;
				CLANG_WARN_OBJC_LITERAL_CONVERSION = YES;
				CLANG_WARN_OBJC_ROOT_CLASS = YES_ERROR;
				CLANG_WARN_QUOTED_INCLUDE_IN_FRAMEWORK_HEADER = YES;
				CLANG_WARN_RANGE_LOOP_ANALYSIS = YES;
				CLANG_WARN_STRICT_PROTOTYPES = YES;
				CLANG_WARN_SUSPICIOUS_MOVE = YES;
				CLANG_WARN_UNGUARDED_AVAILABILITY = YES_AGGRESSIVE;
				CLANG_WARN_UNREACHABLE_CODE = YES;
				CLANG_WARN__DUPLICATE_METHOD_MATCH = YES;
				COPY_PHASE_STRIP = NO;
				DEBUG_INFORMATION_FORMAT = "dwarf-with-dsym";
				ENABLE_NS_ASSERTIONS = NO;
				ENABLE_STRICT_OBJC_MSGSEND = YES;
				ENABLE_USER_SCRIPT_SANDBOXING = YES;
				GCC_C_LANGUAGE_STANDARD = gnu17;
				GCC_NO_COMMON_BLOCKS = YES;
				GCC_WARN_64_TO_32_BIT_CONVERSION = YES;
				GCC_WARN_ABOUT_RETURN_TYPE = YES_ERROR;
				GCC_WARN_UNDECLARED_SELECTOR = YES;
				GCC_WARN_UNINITIALIZED_AUTOS = YES_AGGRESSIVE;
				GCC_WARN_UNUSED_FUNCTION = YES;
				GCC_WARN_UNUSED_VARIABLE = YES;
				IPHONEOS_DEPLOYMENT_TARGET = 16.0;
				MTL_ENABLE_DEBUG_INFO = NO;
				MTL_FAST_MATH = YES;
				SDKROOT = iphoneos;
				SWIFT_COMPILATION_MODE = wholemodule;
				VALIDATE_PRODUCT = YES;
			};
			name = Release;
		};
		JJ0004JJ0004JJ0004JJ0004 /* Debug */ = {
			isa = XCBuildConfiguration;
			buildSettings = {
				ASSETCATALOG_COMPILER_APPICON_NAME = AppIcon;
				ASSETCATALOG_COMPILER_GLOBAL_ACCENT_COLOR_NAME = AccentColor;
				CODE_SIGN_STYLE = Automatic;
				CURRENT_PROJECT_VERSION = 1;
				DEVELOPMENT_ASSET_PATHS = "\"ActionPad/Preview Content\"";
				ENABLE_PREVIEWS = YES;
				GENERATE_INFOPLIST_FILE = YES;
				INFOPLIST_FILE = ActionPad/Info.plist;
				INFOPLIST_KEY_UIApplicationSceneManifest_Generation = YES;
				INFOPLIST_KEY_UIApplicationSupportsIndirectInputEvents = YES;
				INFOPLIST_KEY_UILaunchScreen_Generation = YES;
				INFOPLIST_KEY_UISupportedInterfaceOrientations_iPad = "UIInterfaceOrientationPortrait UIInterfaceOrientationPortraitUpsideDown UIInterfaceOrientationLandscapeLeft UIInterfaceOrientationLandscapeRight";
				INFOPLIST_KEY_UISupportedInterfaceOrientations_iPhone = "UIInterfaceOrientationPortrait UIInterfaceOrientationLandscapeLeft UIInterfaceOrientationLandscapeRight";
				LD_RUNPATH_SEARCH_PATHS = (
					"$(inherited)",
					"@executable_path/Frameworks",
				);
				MARKETING_VERSION = 1.0;
				PRODUCT_BUNDLE_IDENTIFIER = com.actionpad.app;
				PRODUCT_NAME = "$(TARGET_NAME)";
				SWIFT_EMIT_LOC_STRINGS = YES;
				SWIFT_VERSION = 5.0;
				TARGETED_DEVICE_FAMILY = "1,2";
			};
			name = Debug;
		};
		JJ0005JJ0005JJ0005JJ0005 /* Release */ = {
			isa = XCBuildConfiguration;
			buildSettings = {
				ASSETCATALOG_COMPILER_APPICON_NAME = AppIcon;
				ASSETCATALOG_COMPILER_GLOBAL_ACCENT_COLOR_NAME = AccentColor;
				CODE_SIGN_STYLE = Automatic;
				CURRENT_PROJECT_VERSION = 1;
				DEVELOPMENT_ASSET_PATHS = "\"ActionPad/Preview Content\"";
				ENABLE_PREVIEWS = YES;
				GENERATE_INFOPLIST_FILE = YES;
				INFOPLIST_FILE = ActionPad/Info.plist;
				INFOPLIST_KEY_UIApplicationSceneManifest_Generation = YES;
				INFOPLIST_KEY_UIApplicationSupportsIndirectInputEvents = YES;
				INFOPLIST_KEY_UILaunchScreen_Generation = YES;
				INFOPLIST_KEY_UISupportedInterfaceOrientations_iPad = "UIInterfaceOrientationPortrait UIInterfaceOrientationPortraitUpsideDown UIInterfaceOrientationLandscapeLeft UIInterfaceOrientationLandscapeRight";
				INFOPLIST_KEY_UISupportedInterfaceOrientations_iPhone = "UIInterfaceOrientationPortrait UIInterfaceOrientationLandscapeLeft UIInterfaceOrientationLandscapeRight";
				LD_RUNPATH_SEARCH_PATHS = (
					"$(inherited)",
					"@executable_path/Frameworks",
				);
				MARKETING_VERSION = 1.0;
				PRODUCT_BUNDLE_IDENTIFIER = com.actionpad.app;
				PRODUCT_NAME = "$(TARGET_NAME)";
				SWIFT_EMIT_LOC_STRINGS = YES;
				SWIFT_VERSION = 5.0;
				TARGETED_DEVICE_FAMILY = "1,2";
			};
			name = Release;
		};
		JJ0007JJ0007JJ0007JJ0007 /* Debug */ = {
			isa = XCBuildConfiguration;
			buildSettings = {
				BUNDLE_LOADER = "$(TEST_HOST)";
				CODE_SIGN_STYLE = Automatic;
				CURRENT_PROJECT_VERSION = 1;
				GENERATE_INFOPLIST_FILE = YES;
				IPHONEOS_DEPLOYMENT_TARGET = 16.0;
				MARKETING_VERSION = 1.0;
				PRODUCT_BUNDLE_IDENTIFIER = com.actionpad.ActionPadTests;
				PRODUCT_NAME = "$(TARGET_NAME)";
				SWIFT_EMIT_LOC_STRINGS = NO;
				SWIFT_VERSION = 5.0;
				TARGETED_DEVICE_FAMILY = "1,2";
				TEST_HOST = "$(BUILT_PRODUCTS_DIR)/ActionPad.app/$(BUNDLE_EXECUTABLE_FOLDER_PATH)/ActionPad";
			};
			name = Debug;
		};
		JJ0008JJ0008JJ0008JJ0008 /* Release */ = {
			isa = XCBuildConfiguration;
			buildSettings = {
				BUNDLE_LOADER = "$(TEST_HOST)";
				CODE_SIGN_STYLE = Automatic;
				CURRENT_PROJECT_VERSION = 1;
				GENERATE_INFOPLIST_FILE = YES;
				IPHONEOS_DEPLOYMENT_TARGET = 16.0;
				MARKETING_VERSION = 1.0;
				PRODUCT_BUNDLE_IDENTIFIER = com.actionpad.ActionPadTests;
				PRODUCT_NAME = "$(TARGET_NAME)";
				SWIFT_EMIT_LOC_STRINGS = NO;
				SWIFT_VERSION = 5.0;
				TARGETED_DEVICE_FAMILY = "1,2";
				TEST_HOST = "$(BUILT_PRODUCTS_DIR)/ActionPad.app/$(BUNDLE_EXECUTABLE_FOLDER_PATH)/ActionPad";
			};
			name = Release;
		};
/* End XCBuildConfiguration section */

/* Begin XCConfigurationList section */
		JJ0001JJ0001JJ0001JJ0001 /* Build configuration list for PBXProject "ActionPad" */ = {
			isa = XCConfigurationList;
			buildConfigurations = (
				JJ0002JJ0002JJ0002JJ0002 /* Debug */,
				JJ0009JJ0009JJ0009JJ0009 /* Release */,
			);
			defaultConfigurationIsVisible = 0;
			defaultConfigurationName = Release;
		};
		JJ0003JJ0003JJ0003JJ0003 /* Build configuration list for PBXNativeTarget "ActionPad" */ = {
			isa = XCConfigurationList;
			buildConfigurations = (
				JJ0004JJ0004JJ0004JJ0004 /* Debug */,
				JJ0005JJ0005JJ0005JJ0005 /* Release */,
			);
			defaultConfigurationIsVisible = 0;
			defaultConfigurationName = Release;
		};
		JJ0006JJ0006JJ0006JJ0006 /* Build configuration list for PBXNativeTarget "ActionPadTests" */ = {
			isa = XCConfigurationList;
			buildConfigurations = (
				JJ0007JJ0007JJ0007JJ0007 /* Debug */,
				JJ0008JJ0008JJ0008JJ0008 /* Release */,
			);
			defaultConfigurationIsVisible = 0;
			defaultConfigurationName = Release;
		};
/* End XCConfigurationList section */

	};
	rootObject = DD0001DD0001DD0001DD0001 /* Project object */;
}
